
Microsoft Visual Studio Solution File, Format Version 12.00
# Visual Studio Version 17
VisualStudioVersion = 17.12.35521.163
MinimumVisualStudioVersion = 10.0.40219.1
Project("{FAE04EC0-301F-11D3-BF4B-00C04F79EFBC}") = "VIMOD.Web", "VIMOD.Web\VIMOD.Web.csproj", "{B16A2A86-55E8-4142-955E-9C38354CDB72}"
EndProject
Project("{FAE04EC0-301F-11D3-BF4B-00C04F79EFBC}") = "VIMOD.Domain", "VIMOD.Domain\VIMOD.Domain.csproj", "{311AC4BB-B01B-4DCD-8ACD-80B8AFB403B6}"
EndProject
Project("{FAE04EC0-301F-11D3-BF4B-00C04F79EFBC}") = "VIMOD.Infraestructure", "VIMOD.Infraestructure\VIMOD.Infraestructure.csproj", "{86CDEEDC-6FA9-48A7-B0D5-88D25CFAE675}"
EndProject
Project("{FAE04EC0-301F-11D3-BF4B-00C04F79EFBC}") = "VIMOD.Utilities", "VIMOD.Utilities\VIMOD.Utilities.csproj", "{269754C1-34E9-419D-BAA2-AFD314935D9A}"
EndProject
Project("{FAE04EC0-301F-11D3-BF4B-00C04F79EFBC}") = "VIMOD.Repositories", "VIMOD.Repositories\VIMOD.Repositories.csproj", "{6B07AE41-183A-4E97-A7B0-CEFCB9CB3506}"
EndProject
Project("{FAE04EC0-301F-11D3-BF4B-00C04F79EFBC}") = "PruebasUnitarias", "PruebasUnitarias\PruebasUnitarias.csproj", "{1BB41C9B-4146-405C-A640-B1485AC1C695}"
EndProject
Project("{FAE04EC0-301F-11D3-BF4B-00C04F79EFBC}") = "Pruebas", "Pruebas\Pruebas.csproj", "{476CD561-2CAA-4E56-AE7E-05D82DAF7932}"
EndProject
Global
	GlobalSection(SolutionConfigurationPlatforms) = preSolution
		Debug|Any CPU = Debug|Any CPU
		Release|Any CPU = Release|Any CPU
	EndGlobalSection
	GlobalSection(ProjectConfigurationPlatforms) = postSolution
		{B16A2A86-55E8-4142-955E-9C38354CDB72}.Debug|Any CPU.ActiveCfg = Debug|Any CPU
		{B16A2A86-55E8-4142-955E-9C38354CDB72}.Debug|Any CPU.Build.0 = Debug|Any CPU
		{B16A2A86-55E8-4142-955E-9C38354CDB72}.Release|Any CPU.ActiveCfg = Release|Any CPU
		{B16A2A86-55E8-4142-955E-9C38354CDB72}.Release|Any CPU.Build.0 = Release|Any CPU
		{311AC4BB-B01B-4DCD-8ACD-80B8AFB403B6}.Debug|Any CPU.ActiveCfg = Debug|Any CPU
		{311AC4BB-B01B-4DCD-8ACD-80B8AFB403B6}.Debug|Any CPU.Build.0 = Debug|Any CPU
		{311AC4BB-B01B-4DCD-8ACD-80B8AFB403B6}.Release|Any CPU.ActiveCfg = Release|Any CPU
		{311AC4BB-B01B-4DCD-8ACD-80B8AFB403B6}.Release|Any CPU.Build.0 = Release|Any CPU
		{86CDEEDC-6FA9-48A7-B0D5-88D25CFAE675}.Debug|Any CPU.ActiveCfg = Debug|Any CPU
		{86CDEEDC-6FA9-48A7-B0D5-88D25CFAE675}.Debug|Any CPU.Build.0 = Debug|Any CPU
		{86CDEEDC-6FA9-48A7-B0D5-88D25CFAE675}.Release|Any CPU.ActiveCfg = Release|Any CPU
		{86CDEEDC-6FA9-48A7-B0D5-88D25CFAE675}.Release|Any CPU.Build.0 = Release|Any CPU
		{269754C1-34E9-419D-BAA2-AFD314935D9A}.Debug|Any CPU.ActiveCfg = Debug|Any CPU
		{269754C1-34E9-419D-BAA2-AFD314935D9A}.Debug|Any CPU.Build.0 = Debug|Any CPU
		{269754C1-34E9-419D-BAA2-AFD314935D9A}.Release|Any CPU.ActiveCfg = Release|Any CPU
		{269754C1-34E9-419D-BAA2-AFD314935D9A}.Release|Any CPU.Build.0 = Release|Any CPU
		{6B07AE41-183A-4E97-A7B0-CEFCB9CB3506}.Debug|Any CPU.ActiveCfg = Debug|Any CPU
		{6B07AE41-183A-4E97-A7B0-CEFCB9CB3506}.Debug|Any CPU.Build.0 = Debug|Any CPU
		{6B07AE41-183A-4E97-A7B0-CEFCB9CB3506}.Release|Any CPU.ActiveCfg = Release|Any CPU
		{6B07AE41-183A-4E97-A7B0-CEFCB9CB3506}.Release|Any CPU.Build.0 = Release|Any CPU
		{1BB41C9B-4146-405C-A640-B1485AC1C695}.Debug|Any CPU.ActiveCfg = Debug|Any CPU
		{1BB41C9B-4146-405C-A640-B1485AC1C695}.Debug|Any CPU.Build.0 = Debug|Any CPU
		{1BB41C9B-4146-405C-A640-B1485AC1C695}.Release|Any CPU.ActiveCfg = Release|Any CPU
		{1BB41C9B-4146-405C-A640-B1485AC1C695}.Release|Any CPU.Build.0 = Release|Any CPU
		{476CD561-2CAA-4E56-AE7E-05D82DAF7932}.Debug|Any CPU.ActiveCfg = Debug|Any CPU
		{476CD561-2CAA-4E56-AE7E-05D82DAF7932}.Debug|Any CPU.Build.0 = Debug|Any CPU
		{476CD561-2CAA-4E56-AE7E-05D82DAF7932}.Release|Any CPU.ActiveCfg = Release|Any CPU
		{476CD561-2CAA-4E56-AE7E-05D82DAF7932}.Release|Any CPU.Build.0 = Release|Any CPU
	EndGlobalSection
	GlobalSection(SolutionProperties) = preSolution
		HideSolutionNode = FALSE
	EndGlobalSection
EndGlobal
